# This file is automatically @generated by Cargo.
# It is not intended for manual editing.
version = 4

[[package]]
name = "soma"
version = "0.1.0"
dependencies = [
 "somacommon",
]

[[package]]
name = "somacommon"
version = "0.1.0"

[[package]]
name = "somasrv"
version = "0.1.0"
dependencies = [
 "somacommon",
]
